
Microsoft Visual Studio Solution File, Format Version 12.00
# Visual Studio 15
VisualStudioVersion = 15.0.28010.2041
MinimumVisualStudioVersion = 10.0.40219.1
Project("{FAE04EC0-301F-11D3-BF4B-00C04F79EFBC}") = "Fetcher", "Fetcher\Fetcher.csproj", "{2320CD4E-6D82-4658-ABFF-CC383511C414}"
EndProject
Project("{FAE04EC0-301F-11D3-BF4B-00C04F79EFBC}") = "Common", "Storage\Common.csproj", "{5B2E56CA-4885-454E-837C-4875F8D48D49}"
EndProject
Project("{FAE04EC0-301F-11D3-BF4B-00C04F79EFBC}") = "Publisher.Soap", "Publisher.Soap\Publisher.Soap.csproj", "{1A262114-AC97-481A-B67E-ED393B3B32CC}"
EndProject
Global
	GlobalSection(SolutionConfigurationPlatforms) = preSolution
		Debug|Any CPU = Debug|Any CPU
		Release|Any CPU = Release|Any CPU
	EndGlobalSection
	GlobalSection(ProjectConfigurationPlatforms) = postSolution
		{2320CD4E-6D82-4658-ABFF-CC383511C414}.Debug|Any CPU.ActiveCfg = Debug|Any CPU
		{2320CD4E-6D82-4658-ABFF-CC383511C414}.Debug|Any CPU.Build.0 = Debug|Any CPU
		{2320CD4E-6D82-4658-ABFF-CC383511C414}.Release|Any CPU.ActiveCfg = Release|Any CPU
		{2320CD4E-6D82-4658-ABFF-CC383511C414}.Release|Any CPU.Build.0 = Release|Any CPU
		{5B2E56CA-4885-454E-837C-4875F8D48D49}.Debug|Any CPU.ActiveCfg = Debug|Any CPU
		{5B2E56CA-4885-454E-837C-4875F8D48D49}.Debug|Any CPU.Build.0 = Debug|Any CPU
		{5B2E56CA-4885-454E-837C-4875F8D48D49}.Release|Any CPU.ActiveCfg = Release|Any CPU
		{5B2E56CA-4885-454E-837C-4875F8D48D49}.Release|Any CPU.Build.0 = Release|Any CPU
		{1A262114-AC97-481A-B67E-ED393B3B32CC}.Debug|Any CPU.ActiveCfg = Debug|Any CPU
		{1A262114-AC97-481A-B67E-ED393B3B32CC}.Debug|Any CPU.Build.0 = Debug|Any CPU
		{1A262114-AC97-481A-B67E-ED393B3B32CC}.Release|Any CPU.ActiveCfg = Release|Any CPU
		{1A262114-AC97-481A-B67E-ED393B3B32CC}.Release|Any CPU.Build.0 = Release|Any CPU
	EndGlobalSection
	GlobalSection(SolutionProperties) = preSolution
		HideSolutionNode = FALSE
	EndGlobalSection
	GlobalSection(ExtensibilityGlobals) = postSolution
		SolutionGuid = {6F80ADAA-A4A5-4F65-AC0C-A19E5EB76AA5}
	EndGlobalSection
EndGlobal
